
Microsoft Visual Studio Solution File, Format Version 12.00
# Visual Studio Version 17
VisualStudioVersion = 17.4.33103.184
MinimumVisualStudioVersion = 10.0.40219.1
Project("{FAE04EC0-301F-11D3-BF4B-00C04F79EFBC}") = "Restorani", "Restorani\Restorani.csproj", "{6F82AB0A-EB56-4E0A-B26D-32075517A691}"
EndProject
Global
	GlobalSection(SolutionConfigurationPlatforms) = preSolution
		Debug|Any CPU = Debug|Any CPU
		Release|Any CPU = Release|Any CPU
	EndGlobalSection
	GlobalSection(ProjectConfigurationPlatforms) = postSolution
		{6F82AB0A-EB56-4E0A-B26D-32075517A691}.Debug|Any CPU.ActiveCfg = Debug|Any CPU
		{6F82AB0A-EB56-4E0A-B26D-32075517A691}.Debug|Any CPU.Build.0 = Debug|Any CPU
		{6F82AB0A-EB56-4E0A-B26D-32075517A691}.Release|Any CPU.ActiveCfg = Release|Any CPU
		{6F82AB0A-EB56-4E0A-B26D-32075517A691}.Release|Any CPU.Build.0 = Release|Any CPU
	EndGlobalSection
	GlobalSection(SolutionProperties) = preSolution
		HideSolutionNode = FALSE
	EndGlobalSection
	GlobalSection(ExtensibilityGlobals) = postSolution
		SolutionGuid = {1E20BB32-CD9E-430F-96F1-41BCA9346683}
	EndGlobalSection
EndGlobal
